
Microsoft Visual Studio Solution File, Format Version 12.00
# Visual Studio 15
VisualStudioVersion = 15.0.26124.0
MinimumVisualStudioVersion = 15.0.26124.0
Project("{FAE04EC0-301F-11D3-BF4B-00C04F79EFBC}") = "Track", "Track\Track.csproj", "{4BB33DC0-4099-410C-960C-BD3C04B7D755}"
EndProject
Project("{FAE04EC0-301F-11D3-BF4B-00C04F79EFBC}") = "TrackContract", "TrackContract\TrackContract.csproj", "{1450DBC9-8858-46D1-B115-B42E7256BA14}"
EndProject
Project("{FAE04EC0-301F-11D3-BF4B-00C04F79EFBC}") = "Runner", "Runner\Runner.csproj", "{498E199E-332E-4D26-A950-0A850CEB6A83}"
EndProject
Project("{FAE04EC0-301F-11D3-BF4B-00C04F79EFBC}") = "Referee", "Referee\Referee.csproj", "{812700E6-E55E-44BA-BE31-B3318EA0392B}"
EndProject
Project("{FAE04EC0-301F-11D3-BF4B-00C04F79EFBC}") = "Adapters", "Adapters\Adapters.csproj", "{2C4F65AD-B606-4091-A0C9-4BD26F96A928}"
EndProject
Global
	GlobalSection(SolutionConfigurationPlatforms) = preSolution
		Debug|Any CPU = Debug|Any CPU
		Debug|x64 = Debug|x64
		Debug|x86 = Debug|x86
		Release|Any CPU = Release|Any CPU
		Release|x64 = Release|x64
		Release|x86 = Release|x86
	EndGlobalSection
	GlobalSection(SolutionProperties) = preSolution
		HideSolutionNode = FALSE
	EndGlobalSection
	GlobalSection(ProjectConfigurationPlatforms) = postSolution
		{E675FC60-DA60-461C-AFDA-1A69E303552D}.Debug|Any CPU.ActiveCfg = Debug|Any CPU
		{E675FC60-DA60-461C-AFDA-1A69E303552D}.Debug|Any CPU.Build.0 = Debug|Any CPU
		{E675FC60-DA60-461C-AFDA-1A69E303552D}.Debug|x64.ActiveCfg = Debug|Any CPU
		{E675FC60-DA60-461C-AFDA-1A69E303552D}.Debug|x64.Build.0 = Debug|Any CPU
		{E675FC60-DA60-461C-AFDA-1A69E303552D}.Debug|x86.ActiveCfg = Debug|Any CPU
		{E675FC60-DA60-461C-AFDA-1A69E303552D}.Debug|x86.Build.0 = Debug|Any CPU
		{E675FC60-DA60-461C-AFDA-1A69E303552D}.Release|Any CPU.ActiveCfg = Release|Any CPU
		{E675FC60-DA60-461C-AFDA-1A69E303552D}.Release|Any CPU.Build.0 = Release|Any CPU
		{E675FC60-DA60-461C-AFDA-1A69E303552D}.Release|x64.ActiveCfg = Release|Any CPU
		{E675FC60-DA60-461C-AFDA-1A69E303552D}.Release|x64.Build.0 = Release|Any CPU
		{E675FC60-DA60-461C-AFDA-1A69E303552D}.Release|x86.ActiveCfg = Release|Any CPU
		{E675FC60-DA60-461C-AFDA-1A69E303552D}.Release|x86.Build.0 = Release|Any CPU
		{74D5D4A9-E191-47B5-B198-2F41091F9CF2}.Debug|Any CPU.ActiveCfg = Debug|Any CPU
		{74D5D4A9-E191-47B5-B198-2F41091F9CF2}.Debug|Any CPU.Build.0 = Debug|Any CPU
		{74D5D4A9-E191-47B5-B198-2F41091F9CF2}.Debug|x64.ActiveCfg = Debug|Any CPU
		{74D5D4A9-E191-47B5-B198-2F41091F9CF2}.Debug|x64.Build.0 = Debug|Any CPU
		{74D5D4A9-E191-47B5-B198-2F41091F9CF2}.Debug|x86.ActiveCfg = Debug|Any CPU
		{74D5D4A9-E191-47B5-B198-2F41091F9CF2}.Debug|x86.Build.0 = Debug|Any CPU
		{74D5D4A9-E191-47B5-B198-2F41091F9CF2}.Release|Any CPU.ActiveCfg = Release|Any CPU
		{74D5D4A9-E191-47B5-B198-2F41091F9CF2}.Release|Any CPU.Build.0 = Release|Any CPU
		{74D5D4A9-E191-47B5-B198-2F41091F9CF2}.Release|x64.ActiveCfg = Release|Any CPU
		{74D5D4A9-E191-47B5-B198-2F41091F9CF2}.Release|x64.Build.0 = Release|Any CPU
		{74D5D4A9-E191-47B5-B198-2F41091F9CF2}.Release|x86.ActiveCfg = Release|Any CPU
		{74D5D4A9-E191-47B5-B198-2F41091F9CF2}.Release|x86.Build.0 = Release|Any CPU
		{F12B5E3B-BF44-49B2-B99D-A48C25CEE496}.Debug|Any CPU.ActiveCfg = Debug|Any CPU
		{F12B5E3B-BF44-49B2-B99D-A48C25CEE496}.Debug|Any CPU.Build.0 = Debug|Any CPU
		{F12B5E3B-BF44-49B2-B99D-A48C25CEE496}.Debug|x64.ActiveCfg = Debug|Any CPU
		{F12B5E3B-BF44-49B2-B99D-A48C25CEE496}.Debug|x64.Build.0 = Debug|Any CPU
		{F12B5E3B-BF44-49B2-B99D-A48C25CEE496}.Debug|x86.ActiveCfg = Debug|Any CPU
		{F12B5E3B-BF44-49B2-B99D-A48C25CEE496}.Debug|x86.Build.0 = Debug|Any CPU
		{F12B5E3B-BF44-49B2-B99D-A48C25CEE496}.Release|Any CPU.ActiveCfg = Release|Any CPU
		{F12B5E3B-BF44-49B2-B99D-A48C25CEE496}.Release|Any CPU.Build.0 = Release|Any CPU
		{F12B5E3B-BF44-49B2-B99D-A48C25CEE496}.Release|x64.ActiveCfg = Release|Any CPU
		{F12B5E3B-BF44-49B2-B99D-A48C25CEE496}.Release|x64.Build.0 = Release|Any CPU
		{F12B5E3B-BF44-49B2-B99D-A48C25CEE496}.Release|x86.ActiveCfg = Release|Any CPU
		{F12B5E3B-BF44-49B2-B99D-A48C25CEE496}.Release|x86.Build.0 = Release|Any CPU
		{4BB33DC0-4099-410C-960C-BD3C04B7D755}.Debug|Any CPU.ActiveCfg = Debug|Any CPU
		{4BB33DC0-4099-410C-960C-BD3C04B7D755}.Debug|Any CPU.Build.0 = Debug|Any CPU
		{4BB33DC0-4099-410C-960C-BD3C04B7D755}.Debug|x64.ActiveCfg = Debug|Any CPU
		{4BB33DC0-4099-410C-960C-BD3C04B7D755}.Debug|x64.Build.0 = Debug|Any CPU
		{4BB33DC0-4099-410C-960C-BD3C04B7D755}.Debug|x86.ActiveCfg = Debug|Any CPU
		{4BB33DC0-4099-410C-960C-BD3C04B7D755}.Debug|x86.Build.0 = Debug|Any CPU
		{4BB33DC0-4099-410C-960C-BD3C04B7D755}.Release|Any CPU.ActiveCfg = Release|Any CPU
		{4BB33DC0-4099-410C-960C-BD3C04B7D755}.Release|Any CPU.Build.0 = Release|Any CPU
		{4BB33DC0-4099-410C-960C-BD3C04B7D755}.Release|x64.ActiveCfg = Release|Any CPU
		{4BB33DC0-4099-410C-960C-BD3C04B7D755}.Release|x64.Build.0 = Release|Any CPU
		{4BB33DC0-4099-410C-960C-BD3C04B7D755}.Release|x86.ActiveCfg = Release|Any CPU
		{4BB33DC0-4099-410C-960C-BD3C04B7D755}.Release|x86.Build.0 = Release|Any CPU
		{1450DBC9-8858-46D1-B115-B42E7256BA14}.Debug|Any CPU.ActiveCfg = Debug|Any CPU
		{1450DBC9-8858-46D1-B115-B42E7256BA14}.Debug|Any CPU.Build.0 = Debug|Any CPU
		{1450DBC9-8858-46D1-B115-B42E7256BA14}.Debug|x64.ActiveCfg = Debug|Any CPU
		{1450DBC9-8858-46D1-B115-B42E7256BA14}.Debug|x64.Build.0 = Debug|Any CPU
		{1450DBC9-8858-46D1-B115-B42E7256BA14}.Debug|x86.ActiveCfg = Debug|Any CPU
		{1450DBC9-8858-46D1-B115-B42E7256BA14}.Debug|x86.Build.0 = Debug|Any CPU
		{1450DBC9-8858-46D1-B115-B42E7256BA14}.Release|Any CPU.ActiveCfg = Release|Any CPU
		{1450DBC9-8858-46D1-B115-B42E7256BA14}.Release|Any CPU.Build.0 = Release|Any CPU
		{1450DBC9-8858-46D1-B115-B42E7256BA14}.Release|x64.ActiveCfg = Release|Any CPU
		{1450DBC9-8858-46D1-B115-B42E7256BA14}.Release|x64.Build.0 = Release|Any CPU
		{1450DBC9-8858-46D1-B115-B42E7256BA14}.Release|x86.ActiveCfg = Release|Any CPU
		{1450DBC9-8858-46D1-B115-B42E7256BA14}.Release|x86.Build.0 = Release|Any CPU
		{498E199E-332E-4D26-A950-0A850CEB6A83}.Debug|Any CPU.ActiveCfg = Debug|Any CPU
		{498E199E-332E-4D26-A950-0A850CEB6A83}.Debug|Any CPU.Build.0 = Debug|Any CPU
		{498E199E-332E-4D26-A950-0A850CEB6A83}.Debug|x64.ActiveCfg = Debug|Any CPU
		{498E199E-332E-4D26-A950-0A850CEB6A83}.Debug|x64.Build.0 = Debug|Any CPU
		{498E199E-332E-4D26-A950-0A850CEB6A83}.Debug|x86.ActiveCfg = Debug|Any CPU
		{498E199E-332E-4D26-A950-0A850CEB6A83}.Debug|x86.Build.0 = Debug|Any CPU
		{498E199E-332E-4D26-A950-0A850CEB6A83}.Release|Any CPU.ActiveCfg = Release|Any CPU
		{498E199E-332E-4D26-A950-0A850CEB6A83}.Release|Any CPU.Build.0 = Release|Any CPU
		{498E199E-332E-4D26-A950-0A850CEB6A83}.Release|x64.ActiveCfg = Release|Any CPU
		{498E199E-332E-4D26-A950-0A850CEB6A83}.Release|x64.Build.0 = Release|Any CPU
		{498E199E-332E-4D26-A950-0A850CEB6A83}.Release|x86.ActiveCfg = Release|Any CPU
		{498E199E-332E-4D26-A950-0A850CEB6A83}.Release|x86.Build.0 = Release|Any CPU
		{812700E6-E55E-44BA-BE31-B3318EA0392B}.Debug|Any CPU.ActiveCfg = Debug|Any CPU
		{812700E6-E55E-44BA-BE31-B3318EA0392B}.Debug|Any CPU.Build.0 = Debug|Any CPU
		{812700E6-E55E-44BA-BE31-B3318EA0392B}.Debug|x64.ActiveCfg = Debug|Any CPU
		{812700E6-E55E-44BA-BE31-B3318EA0392B}.Debug|x64.Build.0 = Debug|Any CPU
		{812700E6-E55E-44BA-BE31-B3318EA0392B}.Debug|x86.ActiveCfg = Debug|Any CPU
		{812700E6-E55E-44BA-BE31-B3318EA0392B}.Debug|x86.Build.0 = Debug|Any CPU
		{812700E6-E55E-44BA-BE31-B3318EA0392B}.Release|Any CPU.ActiveCfg = Release|Any CPU
		{812700E6-E55E-44BA-BE31-B3318EA0392B}.Release|Any CPU.Build.0 = Release|Any CPU
		{812700E6-E55E-44BA-BE31-B3318EA0392B}.Release|x64.ActiveCfg = Release|Any CPU
		{812700E6-E55E-44BA-BE31-B3318EA0392B}.Release|x64.Build.0 = Release|Any CPU
		{812700E6-E55E-44BA-BE31-B3318EA0392B}.Release|x86.ActiveCfg = Release|Any CPU
		{812700E6-E55E-44BA-BE31-B3318EA0392B}.Release|x86.Build.0 = Release|Any CPU
		{2C4F65AD-B606-4091-A0C9-4BD26F96A928}.Debug|Any CPU.ActiveCfg = Debug|Any CPU
		{2C4F65AD-B606-4091-A0C9-4BD26F96A928}.Debug|Any CPU.Build.0 = Debug|Any CPU
		{2C4F65AD-B606-4091-A0C9-4BD26F96A928}.Debug|x64.ActiveCfg = Debug|Any CPU
		{2C4F65AD-B606-4091-A0C9-4BD26F96A928}.Debug|x64.Build.0 = Debug|Any CPU
		{2C4F65AD-B606-4091-A0C9-4BD26F96A928}.Debug|x86.ActiveCfg = Debug|Any CPU
		{2C4F65AD-B606-4091-A0C9-4BD26F96A928}.Debug|x86.Build.0 = Debug|Any CPU
		{2C4F65AD-B606-4091-A0C9-4BD26F96A928}.Release|Any CPU.ActiveCfg = Release|Any CPU
		{2C4F65AD-B606-4091-A0C9-4BD26F96A928}.Release|Any CPU.Build.0 = Release|Any CPU
		{2C4F65AD-B606-4091-A0C9-4BD26F96A928}.Release|x64.ActiveCfg = Release|Any CPU
		{2C4F65AD-B606-4091-A0C9-4BD26F96A928}.Release|x64.Build.0 = Release|Any CPU
		{2C4F65AD-B606-4091-A0C9-4BD26F96A928}.Release|x86.ActiveCfg = Release|Any CPU
		{2C4F65AD-B606-4091-A0C9-4BD26F96A928}.Release|x86.Build.0 = Release|Any CPU
	EndGlobalSection
	GlobalSection(NestedProjects) = preSolution
		{2C4F65AD-B606-4091-A0C9-4BD26F96A928} = {826F6F0B-3425-4C9E-A610-32F3533A840A}
	EndGlobalSection
EndGlobal
